
Microsoft Visual Studio Solution File, Format Version 12.00
# Visual Studio Version 17
VisualStudioVersion = 17.8.34511.84
MinimumVisualStudioVersion = 10.0.40219.1
Project("{9A19103F-16F7-4668-BE54-9A1E7A4F7556}") = "ImageService", "ImageService\ImageService.csproj", "{C19828CF-A0F0-48AA-B98E-D9BDC546C10A}"
EndProject
Project("{9A19103F-16F7-4668-BE54-9A1E7A4F7556}") = "KayakTracker", "TripService\KayakTracker.csproj", "{BF184DA0-AA9E-4206-A46B-9BD1E7FC6ACD}"
EndProject
Project("{9A19103F-16F7-4668-BE54-9A1E7A4F7556}") = "IdentityService", "IdentityService\IdentityService.csproj", "{1B6D5E58-EB5C-4612-9AFE-495027C860D4}"
EndProject
Global
	GlobalSection(SolutionConfigurationPlatforms) = preSolution
		Debug|Any CPU = Debug|Any CPU
		Release|Any CPU = Release|Any CPU
	EndGlobalSection
	GlobalSection(ProjectConfigurationPlatforms) = postSolution
		{C19828CF-A0F0-48AA-B98E-D9BDC546C10A}.Debug|Any CPU.ActiveCfg = Debug|Any CPU
		{C19828CF-A0F0-48AA-B98E-D9BDC546C10A}.Debug|Any CPU.Build.0 = Debug|Any CPU
		{C19828CF-A0F0-48AA-B98E-D9BDC546C10A}.Release|Any CPU.ActiveCfg = Release|Any CPU
		{C19828CF-A0F0-48AA-B98E-D9BDC546C10A}.Release|Any CPU.Build.0 = Release|Any CPU
		{BF184DA0-AA9E-4206-A46B-9BD1E7FC6ACD}.Debug|Any CPU.ActiveCfg = Debug|Any CPU
		{BF184DA0-AA9E-4206-A46B-9BD1E7FC6ACD}.Debug|Any CPU.Build.0 = Debug|Any CPU
		{BF184DA0-AA9E-4206-A46B-9BD1E7FC6ACD}.Release|Any CPU.ActiveCfg = Release|Any CPU
		{BF184DA0-AA9E-4206-A46B-9BD1E7FC6ACD}.Release|Any CPU.Build.0 = Release|Any CPU
		{1B6D5E58-EB5C-4612-9AFE-495027C860D4}.Debug|Any CPU.ActiveCfg = Debug|Any CPU
		{1B6D5E58-EB5C-4612-9AFE-495027C860D4}.Debug|Any CPU.Build.0 = Debug|Any CPU
		{1B6D5E58-EB5C-4612-9AFE-495027C860D4}.Release|Any CPU.ActiveCfg = Release|Any CPU
		{1B6D5E58-EB5C-4612-9AFE-495027C860D4}.Release|Any CPU.Build.0 = Release|Any CPU
	EndGlobalSection
	GlobalSection(SolutionProperties) = preSolution
		HideSolutionNode = FALSE
	EndGlobalSection
	GlobalSection(ExtensibilityGlobals) = postSolution
		SolutionGuid = {0A3601D7-8905-409C-9F0E-C40529611C95}
	EndGlobalSection
EndGlobal
